// !$*UTF8*$!
{
	archiveVersion = 1;
	classes = {
	};
	objectVersion = 51;
	objects = {

/* Begin PBXBuildFile section */
		061687FB25A9F0E700BB2B37 /* AppDelegate.swift in Sources */ = {isa = PBXBuildFile; fileRef = 061687FA25A9F0E700BB2B37 /* AppDelegate.swift */; };
		061687FD25A9F0E700BB2B37 /* ViewController.swift in Sources */ = {isa = PBXBuildFile; fileRef = 061687FC25A9F0E700BB2B37 /* ViewController.swift */; };
		0616880025A9F0E700BB2B37 /* SautrogSystem_MacOS.xcdatamodeld in Sources */ = {isa = PBXBuildFile; fileRef = 061687FE25A9F0E700BB2B37 /* SautrogSystem_MacOS.xcdatamodeld */; };
		0616880225A9F0E700BB2B37 /* Assets.xcassets in Resources */ = {isa = PBXBuildFile; fileRef = 0616880125A9F0E700BB2B37 /* Assets.xcassets */; };
		0616880525A9F0E700BB2B37 /* Main.storyboard in Resources */ = {isa = PBXBuildFile; fileRef = 0616880325A9F0E700BB2B37 /* Main.storyboard */; };
		06CF015B25B34E8600C66844 /* SecondViewController.xib in Resources */ = {isa = PBXBuildFile; fileRef = 06CF015925B34E8600C66844 /* SecondViewController.xib */; };
		3B9457B9C80DD37EFF363D09 /* Pods_SautrogSystem_MacOS.framework in Frameworks */ = {isa = PBXBuildFile; fileRef = 5DFE34FF8F0579580627ADCB /* Pods_SautrogSystem_MacOS.framework */; };
/* End PBXBuildFile section */

/* Begin PBXFileReference section */
		061687F725A9F0E700BB2B37 /* SautrogSystem-MacOS.app */ = {isa = PBXFileReference; explicitFileType = wrapper.application; includeInIndex = 0; path = "SautrogSystem-MacOS.app"; sourceTree = BUILT_PRODUCTS_DIR; };
		061687FA25A9F0E700BB2B37 /* AppDelegate.swift */ = {isa = PBXFileReference; lastKnownFileType = sourcecode.swift; path = AppDelegate.swift; sourceTree = "<group>"; };
		061687FC25A9F0E700BB2B37 /* ViewController.swift */ = {isa = PBXFileReference; lastKnownFileType = sourcecode.swift; path = ViewController.swift; sourceTree = "<group>"; };
		061687FF25A9F0E700BB2B37 /* SautrogSystem_MacOS.xcdatamodel */ = {isa = PBXFileReference; lastKnownFileType = wrapper.xcdatamodel; path = SautrogSystem_MacOS.xcdatamodel; sourceTree = "<group>"; };
		0616880125A9F0E700BB2B37 /* Assets.xcassets */ = {isa = PBXFileReference; lastKnownFileType = folder.assetcatalog; path = Assets.xcassets; sourceTree = "<group>"; };
		0616880425A9F0E700BB2B37 /* Base */ = {isa = PBXFileReference; lastKnownFileType = file.storyboard; name = Base; path = Base.lproj/Main.storyboard; sourceTree = "<group>"; };
		0616880625A9F0E700BB2B37 /* Info.plist */ = {isa = PBXFileReference; lastKnownFileType = text.plist.xml; path = Info.plist; sourceTree = "<group>"; };
		0616880725A9F0E700BB2B37 /* SautrogSystem_MacOS.entitlements */ = {isa = PBXFileReference; lastKnownFileType = text.plist.entitlements; path = SautrogSystem_MacOS.entitlements; sourceTree = "<group>"; };
		06CF015925B34E8600C66844 /* SecondViewController.xib */ = {isa = PBXFileReference; lastKnownFileType = file.xib; path = SecondViewController.xib; sourceTree = "<group>"; };
		2B2F83DBBC1CDA7EAFB047D8 /* Pods-SautrogSystem-MacOS.release.xcconfig */ = {isa = PBXFileReference; includeInIndex = 1; lastKnownFileType = text.xcconfig; name = "Pods-SautrogSystem-MacOS.release.xcconfig"; path = "Target Support Files/Pods-SautrogSystem-MacOS/Pods-SautrogSystem-MacOS.release.xcconfig"; sourceTree = "<group>"; };
		4D1D2712A584FEB6E7BB082D /* Pods-SautrogSystem-MacOS.debug.xcconfig */ = {isa = PBXFileReference; includeInIndex = 1; lastKnownFileType = text.xcconfig; name = "Pods-SautrogSystem-MacOS.debug.xcconfig"; path = "Target Support Files/Pods-SautrogSystem-MacOS/Pods-SautrogSystem-MacOS.debug.xcconfig"; sourceTree = "<group>"; };
		5DFE34FF8F0579580627ADCB /* Pods_SautrogSystem_MacOS.framework */ = {isa = PBXFileReference; explicitFileType = wrapper.framework; includeInIndex = 0; path = Pods_SautrogSystem_MacOS.framework; sourceTree = BUILT_PRODUCTS_DIR; };
/* End PBXFileReference section */

/* Begin PBXFrameworksBuildPhase section */
		061687F425A9F0E700BB2B37 /* Frameworks */ = {
			isa = PBXFrameworksBuildPhase;
			buildActionMask = 2147483647;
			files = (
				3B9457B9C80DD37EFF363D09 /* Pods_SautrogSystem_MacOS.framework in Frameworks */,
			);
			runOnlyForDeploymentPostprocessing = 0;
		};
/* End PBXFrameworksBuildPhase section */

/* Begin PBXGroup section */
		061687EE25A9F0E700BB2B37 = {
			isa = PBXGroup;
			children = (
				061687F925A9F0E700BB2B37 /* SautrogSystem-MacOS */,
				061687F825A9F0E700BB2B37 /* Products */,
				3ABFED32F7F85E394C0E28DE /* Pods */,
				C95C8103AD2925BE306EF78C /* Frameworks */,
			);
			sourceTree = "<group>";
		};
		061687F825A9F0E700BB2B37 /* Products */ = {
			isa = PBXGroup;
			children = (
				061687F725A9F0E700BB2B37 /* SautrogSystem-MacOS.app */,
			);
			name = Products;
			sourceTree = "<group>";
		};
		061687F925A9F0E700BB2B37 /* SautrogSystem-MacOS */ = {
			isa = PBXGroup;
			children = (
				061687FA25A9F0E700BB2B37 /* AppDelegate.swift */,
				061687FC25A9F0E700BB2B37 /* ViewController.swift */,
				0616880125A9F0E700BB2B37 /* Assets.xcassets */,
				0616880325A9F0E700BB2B37 /* Main.storyboard */,
				0616880625A9F0E700BB2B37 /* Info.plist */,
				0616880725A9F0E700BB2B37 /* SautrogSystem_MacOS.entitlements */,
				061687FE25A9F0E700BB2B37 /* SautrogSystem_MacOS.xcdatamodeld */,
				06CF015925B34E8600C66844 /* SecondViewController.xib */,
			);
			path = "SautrogSystem-MacOS";
			sourceTree = "<group>";
		};
		3ABFED32F7F85E394C0E28DE /* Pods */ = {
			isa = PBXGroup;
			children = (
				4D1D2712A584FEB6E7BB082D /* Pods-SautrogSystem-MacOS.debug.xcconfig */,
				2B2F83DBBC1CDA7EAFB047D8 /* Pods-SautrogSystem-MacOS.release.xcconfig */,
			);
			path = Pods;
			sourceTree = "<group>";
		};
		C95C8103AD2925BE306EF78C /* Frameworks */ = {
			isa = PBXGroup;
			children = (
				5DFE34FF8F0579580627ADCB /* Pods_SautrogSystem_MacOS.framework */,
			);
			name = Frameworks;
			sourceTree = "<group>";
		};
/* End PBXGroup section */

/* Begin PBXNativeTarget section */
		061687F625A9F0E700BB2B37 /* SautrogSystem-MacOS */ = {
			isa = PBXNativeTarget;
			buildConfigurationList = 0616880A25A9F0E700BB2B37 /* Build configuration list for PBXNativeTarget "SautrogSystem-MacOS" */;
			buildPhases = (
				0DDD1744B3DD3990921B90EF /* [CP] Check Pods Manifest.lock */,
				061687F325A9F0E700BB2B37 /* Sources */,
				061687F425A9F0E700BB2B37 /* Frameworks */,
				061687F525A9F0E700BB2B37 /* Resources */,
				4EDAA97E3A443AA1BECB49C8 /* [CP] Embed Pods Frameworks */,
			);
			buildRules = (
			);
			dependencies = (
			);
			name = "SautrogSystem-MacOS";
			productName = "SautrogSystem-MacOS";
			productReference = 061687F725A9F0E700BB2B37 /* SautrogSystem-MacOS.app */;
			productType = "com.apple.product-type.application";
		};
/* End PBXNativeTarget section */

/* Begin PBXProject section */
		061687EF25A9F0E700BB2B37 /* Project object */ = {
			isa = PBXProject;
			attributes = {
				LastSwiftUpdateCheck = 1230;
				LastUpgradeCheck = 1230;
				TargetAttributes = {
					061687F625A9F0E700BB2B37 = {
						CreatedOnToolsVersion = 12.3;
					};
				};
			};
			buildConfigurationList = 061687F225A9F0E700BB2B37 /* Build configuration list for PBXProject "SautrogSystem-MacOS" */;
			compatibilityVersion = "Xcode 9.3";
			developmentRegion = en;
			hasScannedForEncodings = 0;
			knownRegions = (
				en,
				Base,
			);
			mainGroup = 061687EE25A9F0E700BB2B37;
			productRefGroup = 061687F825A9F0E700BB2B37 /* Products */;
			projectDirPath = "";
			projectRoot = "";
			targets = (
				061687F625A9F0E700BB2B37 /* SautrogSystem-MacOS */,
			);
		};
/* End PBXProject section */

/* Begin PBXResourcesBuildPhase section */
		061687F525A9F0E700BB2B37 /* Resources */ = {
			isa = PBXResourcesBuildPhase;
			buildActionMask = 2147483647;
			files = (
				0616880225A9F0E700BB2B37 /* Assets.xcassets in Resources */,
				0616880525A9F0E700BB2B37 /* Main.storyboard in Resources */,
				06CF015B25B34E8600C66844 /* SecondViewController.xib in Resources */,
			);
			runOnlyForDeploymentPostprocessing = 0;
		};
/* End PBXResourcesBuildPhase section */

/* Begin PBXShellScriptBuildPhase section */
		0DDD1744B3DD3990921B90EF /* [CP] Check Pods Manifest.lock */ = {
			isa = PBXShellScriptBuildPhase;
			buildActionMask = 2147483647;
			files = (
			);
			inputFileListPaths = (
			);
			inputPaths = (
				"${PODS_PODFILE_DIR_PATH}/Podfile.lock",
				"${PODS_ROOT}/Manifest.lock",
			);
			name = "[CP] Check Pods Manifest.lock";
			outputFileListPaths = (
			);
			outputPaths = (
				"$(DERIVED_FILE_DIR)/Pods-SautrogSystem-MacOS-checkManifestLockResult.txt",
			);
			runOnlyForDeploymentPostprocessing = 0;
			shellPath = /bin/sh;
			shellScript = "diff \"${PODS_PODFILE_DIR_PATH}/Podfile.lock\" \"${PODS_ROOT}/Manifest.lock\" > /dev/null\nif [ $? != 0 ] ; then\n    # print error to STDERR\n    echo \"error: The sandbox is not in sync with the Podfile.lock. Run 'pod install' or update your CocoaPods installation.\" >&2\n    exit 1\nfi\n# This output is used by Xcode 'outputs' to avoid re-running this script phase.\necho \"SUCCESS\" > \"${SCRIPT_OUTPUT_FILE_0}\"\n";
			showEnvVarsInLog = 0;
		};
		4EDAA97E3A443AA1BECB49C8 /* [CP] Embed Pods Frameworks */ = {
			isa = PBXShellScriptBuildPhase;
			buildActionMask = 2147483647;
			files = (
			);
			inputFileListPaths = (
				"${PODS_ROOT}/Target Support Files/Pods-SautrogSystem-MacOS/Pods-SautrogSystem-MacOS-frameworks-${CONFIGURATION}-input-files.xcfilelist",
			);
			name = "[CP] Embed Pods Frameworks";
			outputFileListPaths = (
				"${PODS_ROOT}/Target Support Files/Pods-SautrogSystem-MacOS/Pods-SautrogSystem-MacOS-frameworks-${CONFIGURATION}-output-files.xcfilelist",
			);
			runOnlyForDeploymentPostprocessing = 0;
			shellPath = /bin/sh;
			shellScript = "\"${PODS_ROOT}/Target Support Files/Pods-SautrogSystem-MacOS/Pods-SautrogSystem-MacOS-frameworks.sh\"\n";
			showEnvVarsInLog = 0;
		};
/* End PBXShellScriptBuildPhase section */

/* Begin PBXSourcesBuildPhase section */
		061687F325A9F0E700BB2B37 /* Sources */ = {
			isa = PBXSourcesBuildPhase;
			buildActionMask = 2147483647;
			files = (
				0616880025A9F0E700BB2B37 /* SautrogSystem_MacOS.xcdatamodeld in Sources */,
				061687FD25A9F0E700BB2B37 /* ViewController.swift in Sources */,
				061687FB25A9F0E700BB2B37 /* AppDelegate.swift in Sources */,
			);
			runOnlyForDeploymentPostprocessing = 0;
		};
/* End PBXSourcesBuildPhase section */

/* Begin PBXVariantGroup section */
		0616880325A9F0E700BB2B37 /* Main.storyboard */ = {
			isa = PBXVariantGroup;
			children = (
				0616880425A9F0E700BB2B37 /* Base */,
			);
			name = Main.storyboard;
			sourceTree = "<group>";
		};
/* End PBXVariantGroup section */

/* Begin XCBuildConfiguration section */
		0616880825A9F0E700BB2B37 /* Debug */ = {
			isa = XCBuildConfiguration;
			buildSettings = {
				ALWAYS_SEARCH_USER_PATHS = NO;
				CLANG_ANALYZER_NONNULL = YES;
				CLANG_ANALYZER_NUMBER_OBJECT_CONVERSION = YES_AGGRESSIVE;
				CLANG_CXX_LANGUAGE_STANDARD = "gnu++14";
				CLANG_CXX_LIBRARY = "libc++";
				CLANG_ENABLE_MODULES = YES;
				CLANG_ENABLE_OBJC_ARC = YES;
				CLANG_ENABLE_OBJC_WEAK = YES;
				CLANG_WARN_BLOCK_CAPTURE_AUTORELEASING = YES;
				CLANG_WARN_BOOL_CONVERSION = YES;
				CLANG_WARN_COMMA = YES;
				CLANG_WARN_CONSTANT_CONVERSION = YES;
				CLANG_WARN_DEPRECATED_OBJC_IMPLEMENTATIONS = YES;
				CLANG_WARN_DIRECT_OBJC_ISA_USAGE = YES_ERROR;
				CLANG_WARN_DOCUMENTATION_COMMENTS = YES;
				CLANG_WARN_EMPTY_BODY = YES;
				CLANG_WARN_ENUM_CONVERSION = YES;
				CLANG_WARN_INFINITE_RECURSION = YES;
				CLANG_WARN_INT_CONVERSION = YES;
				CLANG_WARN_NON_LITERAL_NULL_CONVERSION = YES;
				CLANG_WARN_OBJC_IMPLICIT_RETAIN_SELF = YES;
				CLANG_WARN_OBJC_LITERAL_CONVERSION = YES;
				CLANG_WARN_OBJC_ROOT_CLASS = YES_ERROR;
				CLANG_WARN_QUOTED_INCLUDE_IN_FRAMEWORK_HEADER = YES;
				CLANG_WARN_RANGE_LOOP_ANALYSIS = YES;
				CLANG_WARN_STRICT_PROTOTYPES = YES;
				CLANG_WARN_SUSPICIOUS_MOVE = YES;
				CLANG_WARN_UNGUARDED_AVAILABILITY = YES_AGGRESSIVE;
				CLANG_WARN_UNREACHABLE_CODE = YES;
				CLANG_WARN__DUPLICATE_METHOD_MATCH = YES;
				COPY_PHASE_STRIP = NO;
				DEBUG_INFORMATION_FORMAT = dwarf;
				ENABLE_STRICT_OBJC_MSGSEND = YES;
				ENABLE_TESTABILITY = YES;
				GCC_C_LANGUAGE_STANDARD = gnu11;
				GCC_DYNAMIC_NO_PIC = NO;
				GCC_NO_COMMON_BLOCKS = YES;
				GCC_OPTIMIZATION_LEVEL = 0;
				GCC_PREPROCESSOR_DEFINITIONS = (
					"DEBUG=1",
					"$(inherited)",
				);
				GCC_WARN_64_TO_32_BIT_CONVERSION = YES;
				GCC_WARN_ABOUT_RETURN_TYPE = YES_ERROR;
				GCC_WARN_UNDECLARED_SELECTOR = YES;
				GCC_WARN_UNINITIALIZED_AUTOS = YES_AGGRESSIVE;
				GCC_WARN_UNUSED_FUNCTION = YES;
				GCC_WARN_UNUSED_VARIABLE = YES;
				MACOSX_DEPLOYMENT_TARGET = 11.1;
				MTL_ENABLE_DEBUG_INFO = INCLUDE_SOURCE;
				MTL_FAST_MATH = YES;
				ONLY_ACTIVE_ARCH = YES;
				SDKROOT = macosx;
				SWIFT_ACTIVE_COMPILATION_CONDITIONS = DEBUG;
				SWIFT_OPTIMIZATION_LEVEL = "-Onone";
			};
			name = Debug;
		};
		0616880925A9F0E700BB2B37 /* Release */ = {
			isa = XCBuildConfiguration;
			buildSettings = {
				ALWAYS_SEARCH_USER_PATHS = NO;
				CLANG_ANALYZER_NONNULL = YES;
				CLANG_ANALYZER_NUMBER_OBJECT_CONVERSION = YES_AGGRESSIVE;
				CLANG_CXX_LANGUAGE_STANDARD = "gnu++14";
				CLANG_CXX_LIBRARY = "libc++";
				CLANG_ENABLE_MODULES = YES;
				CLANG_ENABLE_OBJC_ARC = YES;
				CLANG_ENABLE_OBJC_WEAK = YES;
				CLANG_WARN_BLOCK_CAPTURE_AUTORELEASING = YES;
				CLANG_WARN_BOOL_CONVERSION = YES;
				CLANG_WARN_COMMA = YES;
				CLANG_WARN_CONSTANT_CONVERSION = YES;
				CLANG_WARN_DEPRECATED_OBJC_IMPLEMENTATIONS = YES;
				CLANG_WARN_DIRECT_OBJC_ISA_USAGE = YES_ERROR;
				CLANG_WARN_DOCUMENTATION_COMMENTS = YES;
				CLANG_WARN_EMPTY_BODY = YES;
				CLANG_WARN_ENUM_CONVERSION = YES;
				CLANG_WARN_INFINITE_RECURSION = YES;
				CLANG_WARN_INT_CONVERSION = YES;
				CLANG_WARN_NON_LITERAL_NULL_CONVERSION = YES;
				CLANG_WARN_OBJC_IMPLICIT_RETAIN_SELF = YES;
				CLANG_WARN_OBJC_LITERAL_CONVERSION = YES;
				CLANG_WARN_OBJC_ROOT_CLASS = YES_ERROR;
				CLANG_WARN_QUOTED_INCLUDE_IN_FRAMEWORK_HEADER = YES;
				CLANG_WARN_RANGE_LOOP_ANALYSIS = YES;
				CLANG_WARN_STRICT_PROTOTYPES = YES;
				CLANG_WARN_SUSPICIOUS_MOVE = YES;
				CLANG_WARN_UNGUARDED_AVAILABILITY = YES_AGGRESSIVE;
				CLANG_WARN_UNREACHABLE_CODE = YES;
				CLANG_WARN__DUPLICATE_METHOD_MATCH = YES;
				COPY_PHASE_STRIP = NO;
				DEBUG_INFORMATION_FORMAT = "dwarf-with-dsym";
				ENABLE_NS_ASSERTIONS = NO;
				ENABLE_STRICT_OBJC_MSGSEND = YES;
				GCC_C_LANGUAGE_STANDARD = gnu11;
				GCC_NO_COMMON_BLOCKS = YES;
				GCC_WARN_64_TO_32_BIT_CONVERSION = YES;
				GCC_WARN_ABOUT_RETURN_TYPE = YES_ERROR;
				GCC_WARN_UNDECLARED_SELECTOR = YES;
				GCC_WARN_UNINITIALIZED_AUTOS = YES_AGGRESSIVE;
				GCC_WARN_UNUSED_FUNCTION = YES;
				GCC_WARN_UNUSED_VARIABLE = YES;
				MACOSX_DEPLOYMENT_TARGET = 11.1;
				MTL_ENABLE_DEBUG_INFO = NO;
				MTL_FAST_MATH = YES;
				SDKROOT = macosx;
				SWIFT_COMPILATION_MODE = wholemodule;
				SWIFT_OPTIMIZATION_LEVEL = "-O";
			};
			name = Release;
		};
		0616880B25A9F0E700BB2B37 /* Debug */ = {
			isa = XCBuildConfiguration;
			baseConfigurationReference = 4D1D2712A584FEB6E7BB082D /* Pods-SautrogSystem-MacOS.debug.xcconfig */;
			buildSettings = {
				ASSETCATALOG_COMPILER_APPICON_NAME = "AppIcon-3";
				ASSETCATALOG_COMPILER_GLOBAL_ACCENT_COLOR_NAME = AccentColor;
				CODE_SIGN_ENTITLEMENTS = "SautrogSystem-MacOS/SautrogSystem_MacOS.entitlements";
				CODE_SIGN_IDENTITY = "-";
				CODE_SIGN_STYLE = Automatic;
				COMBINE_HIDPI_IMAGES = YES;
				DEVELOPMENT_TEAM = L5Q7MD5S5L;
				ENABLE_HARDENED_RUNTIME = YES;
				INFOPLIST_FILE = "SautrogSystem-MacOS/Info.plist";
				LD_RUNPATH_SEARCH_PATHS = (
					"$(inherited)",
					"@executable_path/../Frameworks",
				);
				PRODUCT_BUNDLE_IDENTIFIER = "at.s110103.swift.SautrogSystem-MacOS";
				PRODUCT_NAME = "$(TARGET_NAME)";
				SWIFT_VERSION = 5.0;
			};
			name = Debug;
		};
		0616880C25A9F0E700BB2B37 /* Release */ = {
			isa = XCBuildConfiguration;
			baseConfigurationReference = 2B2F83DBBC1CDA7EAFB047D8 /* Pods-SautrogSystem-MacOS.release.xcconfig */;
			buildSettings = {
				ASSETCATALOG_COMPILER_APPICON_NAME = "AppIcon-3";
				ASSETCATALOG_COMPILER_GLOBAL_ACCENT_COLOR_NAME = AccentColor;
				CODE_SIGN_ENTITLEMENTS = "SautrogSystem-MacOS/SautrogSystem_MacOS.entitlements";
				CODE_SIGN_IDENTITY = "-";
				CODE_SIGN_STYLE = Automatic;
				COMBINE_HIDPI_IMAGES = YES;
				DEVELOPMENT_TEAM = L5Q7MD5S5L;
				ENABLE_HARDENED_RUNTIME = YES;
				INFOPLIST_FILE = "SautrogSystem-MacOS/Info.plist";
				LD_RUNPATH_SEARCH_PATHS = (
					"$(inherited)",
					"@executable_path/../Frameworks",
				);
				PRODUCT_BUNDLE_IDENTIFIER = "at.s110103.swift.SautrogSystem-MacOS";
				PRODUCT_NAME = "$(TARGET_NAME)";
				SWIFT_VERSION = 5.0;
			};
			name = Release;
		};
/* End XCBuildConfiguration section */

/* Begin XCConfigurationList section */
		061687F225A9F0E700BB2B37 /* Build configuration list for PBXProject "SautrogSystem-MacOS" */ = {
			isa = XCConfigurationList;
			buildConfigurations = (
				0616880825A9F0E700BB2B37 /* Debug */,
				0616880925A9F0E700BB2B37 /* Release */,
			);
			defaultConfigurationIsVisible = 0;
			defaultConfigurationName = Release;
		};
		0616880A25A9F0E700BB2B37 /* Build configuration list for PBXNativeTarget "SautrogSystem-MacOS" */ = {
			isa = XCConfigurationList;
			buildConfigurations = (
				0616880B25A9F0E700BB2B37 /* Debug */,
				0616880C25A9F0E700BB2B37 /* Release */,
			);
			defaultConfigurationIsVisible = 0;
			defaultConfigurationName = Release;
		};
/* End XCConfigurationList section */

/* Begin XCVersionGroup section */
		061687FE25A9F0E700BB2B37 /* SautrogSystem_MacOS.xcdatamodeld */ = {
			isa = XCVersionGroup;
			children = (
				061687FF25A9F0E700BB2B37 /* SautrogSystem_MacOS.xcdatamodel */,
			);
			currentVersion = 061687FF25A9F0E700BB2B37 /* SautrogSystem_MacOS.xcdatamodel */;
			path = SautrogSystem_MacOS.xcdatamodeld;
			sourceTree = "<group>";
			versionGroupType = wrapper.xcdatamodel;
		};
/* End XCVersionGroup section */
	};
	rootObject = 061687EF25A9F0E700BB2B37 /* Project object */;
}
